
Microsoft Visual Studio Solution File, Format Version 12.00
# Visual Studio Version 17
VisualStudioVersion = 17.9.34622.214
MinimumVisualStudioVersion = 10.0.40219.1
Project("{9A19103F-16F7-4668-BE54-9A1E7A4F7556}") = "Project.Api", "Project.Api\Project.Api.csproj", "{88AF4104-8F79-48D6-8C6E-A3FAE5F03961}"
EndProject
Project("{FAE04EC0-301F-11D3-BF4B-00C04F79EFBC}") = "Project.Database", "Project.Database\Project.Database.csproj", "{16566F7D-9A8D-4DE9-9AFF-2A91E842C5ED}"
EndProject
Project("{FAE04EC0-301F-11D3-BF4B-00C04F79EFBC}") = "Project.Core", "Project.Core\Project.Core.csproj", "{9AE82279-6C07-48A7-8C57-086DE8AF344A}"
EndProject
Global
	GlobalSection(SolutionConfigurationPlatforms) = preSolution
		Debug|Any CPU = Debug|Any CPU
		Release|Any CPU = Release|Any CPU
	EndGlobalSection
	GlobalSection(ProjectConfigurationPlatforms) = postSolution
		{88AF4104-8F79-48D6-8C6E-A3FAE5F03961}.Debug|Any CPU.ActiveCfg = Debug|Any CPU
		{88AF4104-8F79-48D6-8C6E-A3FAE5F03961}.Debug|Any CPU.Build.0 = Debug|Any CPU
		{88AF4104-8F79-48D6-8C6E-A3FAE5F03961}.Release|Any CPU.ActiveCfg = Release|Any CPU
		{88AF4104-8F79-48D6-8C6E-A3FAE5F03961}.Release|Any CPU.Build.0 = Release|Any CPU
		{16566F7D-9A8D-4DE9-9AFF-2A91E842C5ED}.Debug|Any CPU.ActiveCfg = Debug|Any CPU
		{16566F7D-9A8D-4DE9-9AFF-2A91E842C5ED}.Debug|Any CPU.Build.0 = Debug|Any CPU
		{16566F7D-9A8D-4DE9-9AFF-2A91E842C5ED}.Release|Any CPU.ActiveCfg = Release|Any CPU
		{16566F7D-9A8D-4DE9-9AFF-2A91E842C5ED}.Release|Any CPU.Build.0 = Release|Any CPU
		{9AE82279-6C07-48A7-8C57-086DE8AF344A}.Debug|Any CPU.ActiveCfg = Debug|Any CPU
		{9AE82279-6C07-48A7-8C57-086DE8AF344A}.Debug|Any CPU.Build.0 = Debug|Any CPU
		{9AE82279-6C07-48A7-8C57-086DE8AF344A}.Release|Any CPU.ActiveCfg = Release|Any CPU
		{9AE82279-6C07-48A7-8C57-086DE8AF344A}.Release|Any CPU.Build.0 = Release|Any CPU
	EndGlobalSection
	GlobalSection(SolutionProperties) = preSolution
		HideSolutionNode = FALSE
	EndGlobalSection
	GlobalSection(ExtensibilityGlobals) = postSolution
		SolutionGuid = {82E22E3D-27BB-4E3D-BA7C-9205898E1F3F}
	EndGlobalSection
EndGlobal
